
Microsoft Visual Studio Solution File, Format Version 12.00
# Visual Studio Version 16
VisualStudioVersion = 16.0.32126.315
MinimumVisualStudioVersion = 10.0.40219.1
Project("{FAE04EC0-301F-11D3-BF4B-00C04F79EFBC}") = "dotNetPractical_2", "dotNetPractical_2.csproj", "{4C3E3761-A983-4128-92E1-E19D20B15B5D}"
EndProject
Global
	GlobalSection(SolutionConfigurationPlatforms) = preSolution
		Debug|Any CPU = Debug|Any CPU
		Release|Any CPU = Release|Any CPU
	EndGlobalSection
	GlobalSection(ProjectConfigurationPlatforms) = postSolution
		{4C3E3761-A983-4128-92E1-E19D20B15B5D}.Debug|Any CPU.ActiveCfg = Debug|Any CPU
		{4C3E3761-A983-4128-92E1-E19D20B15B5D}.Debug|Any CPU.Build.0 = Debug|Any CPU
		{4C3E3761-A983-4128-92E1-E19D20B15B5D}.Release|Any CPU.ActiveCfg = Release|Any CPU
		{4C3E3761-A983-4128-92E1-E19D20B15B5D}.Release|Any CPU.Build.0 = Release|Any CPU
	EndGlobalSection
	GlobalSection(SolutionProperties) = preSolution
		HideSolutionNode = FALSE
	EndGlobalSection
	GlobalSection(ExtensibilityGlobals) = postSolution
		SolutionGuid = {BA14BEE4-F1E8-410A-ADBB-0EF1BBB71F2E}
	EndGlobalSection
EndGlobal
